// !$*UTF8*$!
{
	archiveVersion = 1;
	classes = {
	};
	objectVersion = 51;
	objects = {

/* Begin PBXBuildFile section */
		2A88F9BC62BB8A0427211E5D /* Pods_GapoiOSChallenge.framework in Frameworks */ = {isa = PBXBuildFile; fileRef = ABCB77E767C944D88FF2425D /* Pods_GapoiOSChallenge.framework */; };
		50B0BFD1ACF667EEBEDB538B /* Pods_GapoiOSChallengeTests.framework in Frameworks */ = {isa = PBXBuildFile; fileRef = 266F1754361BBFDED78B81E6 /* Pods_GapoiOSChallengeTests.framework */; };
		807748B5547D5C58DC742508 /* Pods_GapoiOSChallengeUITests.framework in Frameworks */ = {isa = PBXBuildFile; fileRef = 4932604C2153F78B63D61856 /* Pods_GapoiOSChallengeUITests.framework */; };
		84408549237E994500A69324 /* SearchLocationViewController.swift in Sources */ = {isa = PBXBuildFile; fileRef = 84408548237E994500A69324 /* SearchLocationViewController.swift */; };
		8440854C237E9A2400A69324 /* LocationTableViewCell.swift in Sources */ = {isa = PBXBuildFile; fileRef = 8440854B237E9A2400A69324 /* LocationTableViewCell.swift */; };
		8440854E237E9DDE00A69324 /* MapKit.framework in Frameworks */ = {isa = PBXBuildFile; fileRef = 8440854D237E9DDE00A69324 /* MapKit.framework */; };
		84408551237EA8A000A69324 /* EIdentifierSegue.swift in Sources */ = {isa = PBXBuildFile; fileRef = 84408550237EA8A000A69324 /* EIdentifierSegue.swift */; };
		844B10D9237D6150007758E9 /* AppDelegate.swift in Sources */ = {isa = PBXBuildFile; fileRef = 844B10D8237D6150007758E9 /* AppDelegate.swift */; };
		844B10DB237D6150007758E9 /* SceneDelegate.swift in Sources */ = {isa = PBXBuildFile; fileRef = 844B10DA237D6150007758E9 /* SceneDelegate.swift */; };
		844B10E0237D6150007758E9 /* Main.storyboard in Resources */ = {isa = PBXBuildFile; fileRef = 844B10DE237D6150007758E9 /* Main.storyboard */; };
		844B10E2237D6153007758E9 /* Assets.xcassets in Resources */ = {isa = PBXBuildFile; fileRef = 844B10E1237D6153007758E9 /* Assets.xcassets */; };
		844B10E5237D6153007758E9 /* LaunchScreen.storyboard in Resources */ = {isa = PBXBuildFile; fileRef = 844B10E3237D6153007758E9 /* LaunchScreen.storyboard */; };
		844B10F0237D6153007758E9 /* GapoiOSChallengeTests.swift in Sources */ = {isa = PBXBuildFile; fileRef = 844B10EF237D6153007758E9 /* GapoiOSChallengeTests.swift */; };
		844B10FB237D6153007758E9 /* GapoiOSChallengeUITests.swift in Sources */ = {isa = PBXBuildFile; fileRef = 844B10FA237D6153007758E9 /* GapoiOSChallengeUITests.swift */; };
		844B110F237D6AF4007758E9 /* GoogleMapsApiService.swift in Sources */ = {isa = PBXBuildFile; fileRef = 844B110E237D6AF4007758E9 /* GoogleMapsApiService.swift */; };
		844B1114237D6B62007758E9 /* GoogleMapViewController.swift in Sources */ = {isa = PBXBuildFile; fileRef = 844B1113237D6B62007758E9 /* GoogleMapViewController.swift */; };
		844B1116237D6B9E007758E9 /* GoogleMapRepository.swift in Sources */ = {isa = PBXBuildFile; fileRef = 844B1115237D6B9E007758E9 /* GoogleMapRepository.swift */; };
		844B1118237D6BC0007758E9 /* GoogleMapViewModel.swift in Sources */ = {isa = PBXBuildFile; fileRef = 844B1117237D6BC0007758E9 /* GoogleMapViewModel.swift */; };
		846D6BAC237D6C60002FE684 /* Endpoints.swift in Sources */ = {isa = PBXBuildFile; fileRef = 846D6BAB237D6C60002FE684 /* Endpoints.swift */; };
		84B6016B237E52AB004C99DF /* UIView+Extensions.swift in Sources */ = {isa = PBXBuildFile; fileRef = 84B6016A237E52AB004C99DF /* UIView+Extensions.swift */; };
		84B6016E237E52D6004C99DF /* UIViewController+Extension.swift in Sources */ = {isa = PBXBuildFile; fileRef = 84B6016D237E52D6004C99DF /* UIViewController+Extension.swift */; };
/* End PBXBuildFile section */

/* Begin PBXContainerItemProxy section */
		844B10EC237D6153007758E9 /* PBXContainerItemProxy */ = {
			isa = PBXContainerItemProxy;
			containerPortal = 844B10CD237D6150007758E9 /* Project object */;
			proxyType = 1;
			remoteGlobalIDString = 844B10D4237D6150007758E9;
			remoteInfo = GapoiOSChallenge;
		};
		844B10F7237D6153007758E9 /* PBXContainerItemProxy */ = {
			isa = PBXContainerItemProxy;
			containerPortal = 844B10CD237D6150007758E9 /* Project object */;
			proxyType = 1;
			remoteGlobalIDString = 844B10D4237D6150007758E9;
			remoteInfo = GapoiOSChallenge;
		};
/* End PBXContainerItemProxy section */

/* Begin PBXFileReference section */
		1864AE240BF40C3EC40DBA9C /* Pods-GapoiOSChallenge.debug.xcconfig */ = {isa = PBXFileReference; includeInIndex = 1; lastKnownFileType = text.xcconfig; name = "Pods-GapoiOSChallenge.debug.xcconfig"; path = "Target Support Files/Pods-GapoiOSChallenge/Pods-GapoiOSChallenge.debug.xcconfig"; sourceTree = "<group>"; };
		266F1754361BBFDED78B81E6 /* Pods_GapoiOSChallengeTests.framework */ = {isa = PBXFileReference; explicitFileType = wrapper.framework; includeInIndex = 0; path = Pods_GapoiOSChallengeTests.framework; sourceTree = BUILT_PRODUCTS_DIR; };
		4932604C2153F78B63D61856 /* Pods_GapoiOSChallengeUITests.framework */ = {isa = PBXFileReference; explicitFileType = wrapper.framework; includeInIndex = 0; path = Pods_GapoiOSChallengeUITests.framework; sourceTree = BUILT_PRODUCTS_DIR; };
		6F89699948A58955C21BA931 /* Pods-GapoiOSChallengeUITests.debug.xcconfig */ = {isa = PBXFileReference; includeInIndex = 1; lastKnownFileType = text.xcconfig; name = "Pods-GapoiOSChallengeUITests.debug.xcconfig"; path = "Target Support Files/Pods-GapoiOSChallengeUITests/Pods-GapoiOSChallengeUITests.debug.xcconfig"; sourceTree = "<group>"; };
		84408548237E994500A69324 /* SearchLocationViewController.swift */ = {isa = PBXFileReference; lastKnownFileType = sourcecode.swift; path = SearchLocationViewController.swift; sourceTree = "<group>"; };
		8440854B237E9A2400A69324 /* LocationTableViewCell.swift */ = {isa = PBXFileReference; lastKnownFileType = sourcecode.swift; path = LocationTableViewCell.swift; sourceTree = "<group>"; };
		8440854D237E9DDE00A69324 /* MapKit.framework */ = {isa = PBXFileReference; lastKnownFileType = wrapper.framework; name = MapKit.framework; path = System/Library/Frameworks/MapKit.framework; sourceTree = SDKROOT; };
		8440854F237E9DE600A69324 /* GapoiOSChallenge.entitlements */ = {isa = PBXFileReference; lastKnownFileType = text.plist.entitlements; path = GapoiOSChallenge.entitlements; sourceTree = "<group>"; };
		84408550237EA8A000A69324 /* EIdentifierSegue.swift */ = {isa = PBXFileReference; lastKnownFileType = sourcecode.swift; path = EIdentifierSegue.swift; sourceTree = "<group>"; };
		844B10D5237D6150007758E9 /* GapoiOSChallenge.app */ = {isa = PBXFileReference; explicitFileType = wrapper.application; includeInIndex = 0; path = GapoiOSChallenge.app; sourceTree = BUILT_PRODUCTS_DIR; };
		844B10D8237D6150007758E9 /* AppDelegate.swift */ = {isa = PBXFileReference; lastKnownFileType = sourcecode.swift; path = AppDelegate.swift; sourceTree = "<group>"; };
		844B10DA237D6150007758E9 /* SceneDelegate.swift */ = {isa = PBXFileReference; lastKnownFileType = sourcecode.swift; path = SceneDelegate.swift; sourceTree = "<group>"; };
		844B10DF237D6150007758E9 /* Base */ = {isa = PBXFileReference; lastKnownFileType = file.storyboard; name = Base; path = Base.lproj/Main.storyboard; sourceTree = "<group>"; };
		844B10E1237D6153007758E9 /* Assets.xcassets */ = {isa = PBXFileReference; lastKnownFileType = folder.assetcatalog; path = Assets.xcassets; sourceTree = "<group>"; };
		844B10E4237D6153007758E9 /* Base */ = {isa = PBXFileReference; lastKnownFileType = file.storyboard; name = Base; path = Base.lproj/LaunchScreen.storyboard; sourceTree = "<group>"; };
		844B10E6237D6153007758E9 /* Info.plist */ = {isa = PBXFileReference; lastKnownFileType = text.plist.xml; path = Info.plist; sourceTree = "<group>"; };
		844B10EB237D6153007758E9 /* GapoiOSChallengeTests.xctest */ = {isa = PBXFileReference; explicitFileType = wrapper.cfbundle; includeInIndex = 0; path = GapoiOSChallengeTests.xctest; sourceTree = BUILT_PRODUCTS_DIR; };
		844B10EF237D6153007758E9 /* GapoiOSChallengeTests.swift */ = {isa = PBXFileReference; lastKnownFileType = sourcecode.swift; path = GapoiOSChallengeTests.swift; sourceTree = "<group>"; };
		844B10F1237D6153007758E9 /* Info.plist */ = {isa = PBXFileReference; lastKnownFileType = text.plist.xml; path = Info.plist; sourceTree = "<group>"; };
		844B10F6237D6153007758E9 /* GapoiOSChallengeUITests.xctest */ = {isa = PBXFileReference; explicitFileType = wrapper.cfbundle; includeInIndex = 0; path = GapoiOSChallengeUITests.xctest; sourceTree = BUILT_PRODUCTS_DIR; };
		844B10FA237D6153007758E9 /* GapoiOSChallengeUITests.swift */ = {isa = PBXFileReference; lastKnownFileType = sourcecode.swift; path = GapoiOSChallengeUITests.swift; sourceTree = "<group>"; };
		844B10FC237D6153007758E9 /* Info.plist */ = {isa = PBXFileReference; lastKnownFileType = text.plist.xml; path = Info.plist; sourceTree = "<group>"; };
		844B110E237D6AF4007758E9 /* GoogleMapsApiService.swift */ = {isa = PBXFileReference; lastKnownFileType = sourcecode.swift; path = GoogleMapsApiService.swift; sourceTree = "<group>"; };
		844B1113237D6B62007758E9 /* GoogleMapViewController.swift */ = {isa = PBXFileReference; lastKnownFileType = sourcecode.swift; path = GoogleMapViewController.swift; sourceTree = "<group>"; };
		844B1115237D6B9E007758E9 /* GoogleMapRepository.swift */ = {isa = PBXFileReference; lastKnownFileType = sourcecode.swift; path = GoogleMapRepository.swift; sourceTree = "<group>"; };
		844B1117237D6BC0007758E9 /* GoogleMapViewModel.swift */ = {isa = PBXFileReference; lastKnownFileType = sourcecode.swift; path = GoogleMapViewModel.swift; sourceTree = "<group>"; };
		846D6BAB237D6C60002FE684 /* Endpoints.swift */ = {isa = PBXFileReference; lastKnownFileType = sourcecode.swift; path = Endpoints.swift; sourceTree = "<group>"; };
		84B6016A237E52AB004C99DF /* UIView+Extensions.swift */ = {isa = PBXFileReference; lastKnownFileType = sourcecode.swift; path = "UIView+Extensions.swift"; sourceTree = "<group>"; };
		84B6016D237E52D6004C99DF /* UIViewController+Extension.swift */ = {isa = PBXFileReference; lastKnownFileType = sourcecode.swift; path = "UIViewController+Extension.swift"; sourceTree = "<group>"; };
		8750461646DFB9E8801B41E2 /* Pods-GapoiOSChallenge.release.xcconfig */ = {isa = PBXFileReference; includeInIndex = 1; lastKnownFileType = text.xcconfig; name = "Pods-GapoiOSChallenge.release.xcconfig"; path = "Target Support Files/Pods-GapoiOSChallenge/Pods-GapoiOSChallenge.release.xcconfig"; sourceTree = "<group>"; };
		ABCB77E767C944D88FF2425D /* Pods_GapoiOSChallenge.framework */ = {isa = PBXFileReference; explicitFileType = wrapper.framework; includeInIndex = 0; path = Pods_GapoiOSChallenge.framework; sourceTree = BUILT_PRODUCTS_DIR; };
		D2109B6353AAA690553317A3 /* Pods-GapoiOSChallengeTests.debug.xcconfig */ = {isa = PBXFileReference; includeInIndex = 1; lastKnownFileType = text.xcconfig; name = "Pods-GapoiOSChallengeTests.debug.xcconfig"; path = "Target Support Files/Pods-GapoiOSChallengeTests/Pods-GapoiOSChallengeTests.debug.xcconfig"; sourceTree = "<group>"; };
		DD72B7670CE004B6876CD7C8 /* Pods-GapoiOSChallengeTests.release.xcconfig */ = {isa = PBXFileReference; includeInIndex = 1; lastKnownFileType = text.xcconfig; name = "Pods-GapoiOSChallengeTests.release.xcconfig"; path = "Target Support Files/Pods-GapoiOSChallengeTests/Pods-GapoiOSChallengeTests.release.xcconfig"; sourceTree = "<group>"; };
		EFB87A45C32363B46D63AA7B /* Pods-GapoiOSChallengeUITests.release.xcconfig */ = {isa = PBXFileReference; includeInIndex = 1; lastKnownFileType = text.xcconfig; name = "Pods-GapoiOSChallengeUITests.release.xcconfig"; path = "Target Support Files/Pods-GapoiOSChallengeUITests/Pods-GapoiOSChallengeUITests.release.xcconfig"; sourceTree = "<group>"; };
/* End PBXFileReference section */

/* Begin PBXFrameworksBuildPhase section */
		844B10D2237D6150007758E9 /* Frameworks */ = {
			isa = PBXFrameworksBuildPhase;
			buildActionMask = 2147483647;
			files = (
				8440854E237E9DDE00A69324 /* MapKit.framework in Frameworks */,
				2A88F9BC62BB8A0427211E5D /* Pods_GapoiOSChallenge.framework in Frameworks */,
			);
			runOnlyForDeploymentPostprocessing = 0;
		};
		844B10E8237D6153007758E9 /* Frameworks */ = {
			isa = PBXFrameworksBuildPhase;
			buildActionMask = 2147483647;
			files = (
				50B0BFD1ACF667EEBEDB538B /* Pods_GapoiOSChallengeTests.framework in Frameworks */,
			);
			runOnlyForDeploymentPostprocessing = 0;
		};
		844B10F3237D6153007758E9 /* Frameworks */ = {
			isa = PBXFrameworksBuildPhase;
			buildActionMask = 2147483647;
			files = (
				807748B5547D5C58DC742508 /* Pods_GapoiOSChallengeUITests.framework in Frameworks */,
			);
			runOnlyForDeploymentPostprocessing = 0;
		};
/* End PBXFrameworksBuildPhase section */

/* Begin PBXGroup section */
		3A0DB59AEE28546AA5C7CF48 /* Frameworks */ = {
			isa = PBXGroup;
			children = (
				8440854D237E9DDE00A69324 /* MapKit.framework */,
				ABCB77E767C944D88FF2425D /* Pods_GapoiOSChallenge.framework */,
				266F1754361BBFDED78B81E6 /* Pods_GapoiOSChallengeTests.framework */,
				4932604C2153F78B63D61856 /* Pods_GapoiOSChallengeUITests.framework */,
			);
			name = Frameworks;
			sourceTree = "<group>";
		};
		6F9410F10BC74FAF3769562D /* Pods */ = {
			isa = PBXGroup;
			children = (
				1864AE240BF40C3EC40DBA9C /* Pods-GapoiOSChallenge.debug.xcconfig */,
				8750461646DFB9E8801B41E2 /* Pods-GapoiOSChallenge.release.xcconfig */,
				D2109B6353AAA690553317A3 /* Pods-GapoiOSChallengeTests.debug.xcconfig */,
				DD72B7670CE004B6876CD7C8 /* Pods-GapoiOSChallengeTests.release.xcconfig */,
				6F89699948A58955C21BA931 /* Pods-GapoiOSChallengeUITests.debug.xcconfig */,
				EFB87A45C32363B46D63AA7B /* Pods-GapoiOSChallengeUITests.release.xcconfig */,
			);
			path = Pods;
			sourceTree = "<group>";
		};
		8440854A237E99E900A69324 /* TableCell */ = {
			isa = PBXGroup;
			children = (
				8440854B237E9A2400A69324 /* LocationTableViewCell.swift */,
			);
			path = TableCell;
			sourceTree = "<group>";
		};
		844B10CC237D6150007758E9 = {
			isa = PBXGroup;
			children = (
				844B10D7237D6150007758E9 /* GapoiOSChallenge */,
				844B10EE237D6153007758E9 /* GapoiOSChallengeTests */,
				844B10F9237D6153007758E9 /* GapoiOSChallengeUITests */,
				844B10D6237D6150007758E9 /* Products */,
				6F9410F10BC74FAF3769562D /* Pods */,
				3A0DB59AEE28546AA5C7CF48 /* Frameworks */,
			);
			sourceTree = "<group>";
		};
		844B10D6237D6150007758E9 /* Products */ = {
			isa = PBXGroup;
			children = (
				844B10D5237D6150007758E9 /* GapoiOSChallenge.app */,
				844B10EB237D6153007758E9 /* GapoiOSChallengeTests.xctest */,
				844B10F6237D6153007758E9 /* GapoiOSChallengeUITests.xctest */,
			);
			name = Products;
			sourceTree = "<group>";
		};
		844B10D7237D6150007758E9 /* GapoiOSChallenge */ = {
			isa = PBXGroup;
			children = (
				8440854F237E9DE600A69324 /* GapoiOSChallenge.entitlements */,
				844B1111237D6B0F007758E9 /* App */,
				84B60168237E5293004C99DF /* Extensions */,
				846D6BAA237D6C4E002FE684 /* Constants */,
				844B1110237D6B02007758E9 /* Storyboards */,
				844B110D237D6A7E007758E9 /* Repositories */,
				844B110C237D6A6A007758E9 /* Services */,
				844B110B237D6A52007758E9 /* Components */,
				844B110A237D6A42007758E9 /* Controllers */,
				844B1109237D6A3C007758E9 /* ViewModels */,
				844B1108237D6A33007758E9 /* Models */,
				844B10E1237D6153007758E9 /* Assets.xcassets */,
			);
			path = GapoiOSChallenge;
			sourceTree = "<group>";
		};
		844B10EE237D6153007758E9 /* GapoiOSChallengeTests */ = {
			isa = PBXGroup;
			children = (
				844B10EF237D6153007758E9 /* GapoiOSChallengeTests.swift */,
				844B10F1237D6153007758E9 /* Info.plist */,
			);
			path = GapoiOSChallengeTests;
			sourceTree = "<group>";
		};
		844B10F9237D6153007758E9 /* GapoiOSChallengeUITests */ = {
			isa = PBXGroup;
			children = (
				844B10FA237D6153007758E9 /* GapoiOSChallengeUITests.swift */,
				844B10FC237D6153007758E9 /* Info.plist */,
			);
			path = GapoiOSChallengeUITests;
			sourceTree = "<group>";
		};
		844B1108237D6A33007758E9 /* Models */ = {
			isa = PBXGroup;
			children = (
			);
			path = Models;
			sourceTree = "<group>";
		};
		844B1109237D6A3C007758E9 /* ViewModels */ = {
			isa = PBXGroup;
			children = (
				844B1117237D6BC0007758E9 /* GoogleMapViewModel.swift */,
			);
			path = ViewModels;
			sourceTree = "<group>";
		};
		844B110A237D6A42007758E9 /* Controllers */ = {
			isa = PBXGroup;
			children = (
				844B1113237D6B62007758E9 /* GoogleMapViewController.swift */,
				84408548237E994500A69324 /* SearchLocationViewController.swift */,
			);
			path = Controllers;
			sourceTree = "<group>";
		};
		844B110B237D6A52007758E9 /* Components */ = {
			isa = PBXGroup;
			children = (
				8440854A237E99E900A69324 /* TableCell */,
			);
			path = Components;
			sourceTree = "<group>";
		};
		844B110C237D6A6A007758E9 /* Services */ = {
			isa = PBXGroup;
			children = (
				844B110E237D6AF4007758E9 /* GoogleMapsApiService.swift */,
			);
			path = Services;
			sourceTree = "<group>";
		};
		844B110D237D6A7E007758E9 /* Repositories */ = {
			isa = PBXGroup;
			children = (
				844B1115237D6B9E007758E9 /* GoogleMapRepository.swift */,
			);
			path = Repositories;
			sourceTree = "<group>";
		};
		844B1110237D6B02007758E9 /* Storyboards */ = {
			isa = PBXGroup;
			children = (
				844B10DE237D6150007758E9 /* Main.storyboard */,
			);
			path = Storyboards;
			sourceTree = "<group>";
		};
		844B1111237D6B0F007758E9 /* App */ = {
			isa = PBXGroup;
			children = (
				844B1112237D6B13007758E9 /* Launch */,
			);
			path = App;
			sourceTree = "<group>";
		};
		844B1112237D6B13007758E9 /* Launch */ = {
			isa = PBXGroup;
			children = (
				844B10D8237D6150007758E9 /* AppDelegate.swift */,
				844B10DA237D6150007758E9 /* SceneDelegate.swift */,
				844B10E3237D6153007758E9 /* LaunchScreen.storyboard */,
				844B10E6237D6153007758E9 /* Info.plist */,
			);
			path = Launch;
			sourceTree = "<group>";
		};
		846D6BAA237D6C4E002FE684 /* Constants */ = {
			isa = PBXGroup;
			children = (
				846D6BAB237D6C60002FE684 /* Endpoints.swift */,
				84408550237EA8A000A69324 /* EIdentifierSegue.swift */,
			);
			path = Constants;
			sourceTree = "<group>";
		};
		84B60168237E5293004C99DF /* Extensions */ = {
			isa = PBXGroup;
			children = (
				84B6016C237E52C1004C99DF /* ViewControllers */,
				84B60169237E529A004C99DF /* Views */,
			);
			path = Extensions;
			sourceTree = "<group>";
		};
		84B60169237E529A004C99DF /* Views */ = {
			isa = PBXGroup;
			children = (
				84B6016A237E52AB004C99DF /* UIView+Extensions.swift */,
			);
			path = Views;
			sourceTree = "<group>";
		};
		84B6016C237E52C1004C99DF /* ViewControllers */ = {
			isa = PBXGroup;
			children = (
				84B6016D237E52D6004C99DF /* UIViewController+Extension.swift */,
			);
			path = ViewControllers;
			sourceTree = "<group>";
		};
/* End PBXGroup section */

/* Begin PBXNativeTarget section */
		844B10D4237D6150007758E9 /* GapoiOSChallenge */ = {
			isa = PBXNativeTarget;
			buildConfigurationList = 844B10FF237D6153007758E9 /* Build configuration list for PBXNativeTarget "GapoiOSChallenge" */;
			buildPhases = (
				F4ADD70227541E82B17344D5 /* [CP] Check Pods Manifest.lock */,
				844B10D1237D6150007758E9 /* Sources */,
				844B10D2237D6150007758E9 /* Frameworks */,
				844B10D3237D6150007758E9 /* Resources */,
				69483341EB78BC849B367620 /* [CP] Copy Pods Resources */,
				09DDC64033DB5F0F2B3BA290 /* [CP] Embed Pods Frameworks */,
			);
			buildRules = (
			);
			dependencies = (
			);
			name = GapoiOSChallenge;
			productName = GapoiOSChallenge;
			productReference = 844B10D5237D6150007758E9 /* GapoiOSChallenge.app */;
			productType = "com.apple.product-type.application";
		};
		844B10EA237D6153007758E9 /* GapoiOSChallengeTests */ = {
			isa = PBXNativeTarget;
			buildConfigurationList = 844B1102237D6153007758E9 /* Build configuration list for PBXNativeTarget "GapoiOSChallengeTests" */;
			buildPhases = (
				4EB138A71421BB8827639043 /* [CP] Check Pods Manifest.lock */,
				844B10E7237D6153007758E9 /* Sources */,
				844B10E8237D6153007758E9 /* Frameworks */,
				844B10E9237D6153007758E9 /* Resources */,
			);
			buildRules = (
			);
			dependencies = (
				844B10ED237D6153007758E9 /* PBXTargetDependency */,
			);
			name = GapoiOSChallengeTests;
			productName = GapoiOSChallengeTests;
			productReference = 844B10EB237D6153007758E9 /* GapoiOSChallengeTests.xctest */;
			productType = "com.apple.product-type.bundle.unit-test";
		};
		844B10F5237D6153007758E9 /* GapoiOSChallengeUITests */ = {
			isa = PBXNativeTarget;
			buildConfigurationList = 844B1105237D6153007758E9 /* Build configuration list for PBXNativeTarget "GapoiOSChallengeUITests" */;
			buildPhases = (
				01400CA5F79B1357CB8F0630 /* [CP] Check Pods Manifest.lock */,
				844B10F2237D6153007758E9 /* Sources */,
				844B10F3237D6153007758E9 /* Frameworks */,
				844B10F4237D6153007758E9 /* Resources */,
			);
			buildRules = (
			);
			dependencies = (
				844B10F8237D6153007758E9 /* PBXTargetDependency */,
			);
			name = GapoiOSChallengeUITests;
			productName = GapoiOSChallengeUITests;
			productReference = 844B10F6237D6153007758E9 /* GapoiOSChallengeUITests.xctest */;
			productType = "com.apple.product-type.bundle.ui-testing";
		};
/* End PBXNativeTarget section */

/* Begin PBXProject section */
		844B10CD237D6150007758E9 /* Project object */ = {
			isa = PBXProject;
			attributes = {
				LastSwiftUpdateCheck = 1120;
				LastUpgradeCheck = 1120;
				ORGANIZATIONNAME = "Bách veku";
				TargetAttributes = {
					844B10D4237D6150007758E9 = {
						CreatedOnToolsVersion = 11.2;
					};
					844B10EA237D6153007758E9 = {
						CreatedOnToolsVersion = 11.2;
						TestTargetID = 844B10D4237D6150007758E9;
					};
					844B10F5237D6153007758E9 = {
						CreatedOnToolsVersion = 11.2;
						TestTargetID = 844B10D4237D6150007758E9;
					};
				};
			};
			buildConfigurationList = 844B10D0237D6150007758E9 /* Build configuration list for PBXProject "GapoiOSChallenge" */;
			compatibilityVersion = "Xcode 9.3";
			developmentRegion = en;
			hasScannedForEncodings = 0;
			knownRegions = (
				en,
				Base,
			);
			mainGroup = 844B10CC237D6150007758E9;
			productRefGroup = 844B10D6237D6150007758E9 /* Products */;
			projectDirPath = "";
			projectRoot = "";
			targets = (
				844B10D4237D6150007758E9 /* GapoiOSChallenge */,
				844B10EA237D6153007758E9 /* GapoiOSChallengeTests */,
				844B10F5237D6153007758E9 /* GapoiOSChallengeUITests */,
			);
		};
/* End PBXProject section */

/* Begin PBXResourcesBuildPhase section */
		844B10D3237D6150007758E9 /* Resources */ = {
			isa = PBXResourcesBuildPhase;
			buildActionMask = 2147483647;
			files = (
				844B10E5237D6153007758E9 /* LaunchScreen.storyboard in Resources */,
				844B10E2237D6153007758E9 /* Assets.xcassets in Resources */,
				844B10E0237D6150007758E9 /* Main.storyboard in Resources */,
			);
			runOnlyForDeploymentPostprocessing = 0;
		};
		844B10E9237D6153007758E9 /* Resources */ = {
			isa = PBXResourcesBuildPhase;
			buildActionMask = 2147483647;
			files = (
			);
			runOnlyForDeploymentPostprocessing = 0;
		};
		844B10F4237D6153007758E9 /* Resources */ = {
			isa = PBXResourcesBuildPhase;
			buildActionMask = 2147483647;
			files = (
			);
			runOnlyForDeploymentPostprocessing = 0;
		};
/* End PBXResourcesBuildPhase section */

/* Begin PBXShellScriptBuildPhase section */
		01400CA5F79B1357CB8F0630 /* [CP] Check Pods Manifest.lock */ = {
			isa = PBXShellScriptBuildPhase;
			buildActionMask = 2147483647;
			files = (
			);
			inputFileListPaths = (
			);
			inputPaths = (
				"${PODS_PODFILE_DIR_PATH}/Podfile.lock",
				"${PODS_ROOT}/Manifest.lock",
			);
			name = "[CP] Check Pods Manifest.lock";
			outputFileListPaths = (
			);
			outputPaths = (
				"$(DERIVED_FILE_DIR)/Pods-GapoiOSChallengeUITests-checkManifestLockResult.txt",
			);
			runOnlyForDeploymentPostprocessing = 0;
			shellPath = /bin/sh;
			shellScript = "diff \"${PODS_PODFILE_DIR_PATH}/Podfile.lock\" \"${PODS_ROOT}/Manifest.lock\" > /dev/null\nif [ $? != 0 ] ; then\n    # print error to STDERR\n    echo \"error: The sandbox is not in sync with the Podfile.lock. Run 'pod install' or update your CocoaPods installation.\" >&2\n    exit 1\nfi\n# This output is used by Xcode 'outputs' to avoid re-running this script phase.\necho \"SUCCESS\" > \"${SCRIPT_OUTPUT_FILE_0}\"\n";
			showEnvVarsInLog = 0;
		};
		09DDC64033DB5F0F2B3BA290 /* [CP] Embed Pods Frameworks */ = {
			isa = PBXShellScriptBuildPhase;
			buildActionMask = 2147483647;
			files = (
			);
			inputFileListPaths = (
				"${PODS_ROOT}/Target Support Files/Pods-GapoiOSChallenge/Pods-GapoiOSChallenge-frameworks-${CONFIGURATION}-input-files.xcfilelist",
			);
			name = "[CP] Embed Pods Frameworks";
			outputFileListPaths = (
				"${PODS_ROOT}/Target Support Files/Pods-GapoiOSChallenge/Pods-GapoiOSChallenge-frameworks-${CONFIGURATION}-output-files.xcfilelist",
			);
			runOnlyForDeploymentPostprocessing = 0;
			shellPath = /bin/sh;
			shellScript = "\"${PODS_ROOT}/Target Support Files/Pods-GapoiOSChallenge/Pods-GapoiOSChallenge-frameworks.sh\"\n";
			showEnvVarsInLog = 0;
		};
		4EB138A71421BB8827639043 /* [CP] Check Pods Manifest.lock */ = {
			isa = PBXShellScriptBuildPhase;
			buildActionMask = 2147483647;
			files = (
			);
			inputFileListPaths = (
			);
			inputPaths = (
				"${PODS_PODFILE_DIR_PATH}/Podfile.lock",
				"${PODS_ROOT}/Manifest.lock",
			);
			name = "[CP] Check Pods Manifest.lock";
			outputFileListPaths = (
			);
			outputPaths = (
				"$(DERIVED_FILE_DIR)/Pods-GapoiOSChallengeTests-checkManifestLockResult.txt",
			);
			runOnlyForDeploymentPostprocessing = 0;
			shellPath = /bin/sh;
			shellScript = "diff \"${PODS_PODFILE_DIR_PATH}/Podfile.lock\" \"${PODS_ROOT}/Manifest.lock\" > /dev/null\nif [ $? != 0 ] ; then\n    # print error to STDERR\n    echo \"error: The sandbox is not in sync with the Podfile.lock. Run 'pod install' or update your CocoaPods installation.\" >&2\n    exit 1\nfi\n# This output is used by Xcode 'outputs' to avoid re-running this script phase.\necho \"SUCCESS\" > \"${SCRIPT_OUTPUT_FILE_0}\"\n";
			showEnvVarsInLog = 0;
		};
		69483341EB78BC849B367620 /* [CP] Copy Pods Resources */ = {
			isa = PBXShellScriptBuildPhase;
			buildActionMask = 2147483647;
			files = (
			);
			inputFileListPaths = (
				"${PODS_ROOT}/Target Support Files/Pods-GapoiOSChallenge/Pods-GapoiOSChallenge-resources-${CONFIGURATION}-input-files.xcfilelist",
			);
			name = "[CP] Copy Pods Resources";
			outputFileListPaths = (
				"${PODS_ROOT}/Target Support Files/Pods-GapoiOSChallenge/Pods-GapoiOSChallenge-resources-${CONFIGURATION}-output-files.xcfilelist",
			);
			runOnlyForDeploymentPostprocessing = 0;
			shellPath = /bin/sh;
			shellScript = "\"${PODS_ROOT}/Target Support Files/Pods-GapoiOSChallenge/Pods-GapoiOSChallenge-resources.sh\"\n";
			showEnvVarsInLog = 0;
		};
		F4ADD70227541E82B17344D5 /* [CP] Check Pods Manifest.lock */ = {
			isa = PBXShellScriptBuildPhase;
			buildActionMask = 2147483647;
			files = (
			);
			inputFileListPaths = (
			);
			inputPaths = (
				"${PODS_PODFILE_DIR_PATH}/Podfile.lock",
				"${PODS_ROOT}/Manifest.lock",
			);
			name = "[CP] Check Pods Manifest.lock";
			outputFileListPaths = (
			);
			outputPaths = (
				"$(DERIVED_FILE_DIR)/Pods-GapoiOSChallenge-checkManifestLockResult.txt",
			);
			runOnlyForDeploymentPostprocessing = 0;
			shellPath = /bin/sh;
			shellScript = "diff \"${PODS_PODFILE_DIR_PATH}/Podfile.lock\" \"${PODS_ROOT}/Manifest.lock\" > /dev/null\nif [ $? != 0 ] ; then\n    # print error to STDERR\n    echo \"error: The sandbox is not in sync with the Podfile.lock. Run 'pod install' or update your CocoaPods installation.\" >&2\n    exit 1\nfi\n# This output is used by Xcode 'outputs' to avoid re-running this script phase.\necho \"SUCCESS\" > \"${SCRIPT_OUTPUT_FILE_0}\"\n";
			showEnvVarsInLog = 0;
		};
/* End PBXShellScriptBuildPhase section */

/* Begin PBXSourcesBuildPhase section */
		844B10D1237D6150007758E9 /* Sources */ = {
			isa = PBXSourcesBuildPhase;
			buildActionMask = 2147483647;
			files = (
				844B1114237D6B62007758E9 /* GoogleMapViewController.swift in Sources */,
				844B10D9237D6150007758E9 /* AppDelegate.swift in Sources */,
				84B6016B237E52AB004C99DF /* UIView+Extensions.swift in Sources */,
				844B1116237D6B9E007758E9 /* GoogleMapRepository.swift in Sources */,
				844B110F237D6AF4007758E9 /* GoogleMapsApiService.swift in Sources */,
				844B10DB237D6150007758E9 /* SceneDelegate.swift in Sources */,
				846D6BAC237D6C60002FE684 /* Endpoints.swift in Sources */,
				84408549237E994500A69324 /* SearchLocationViewController.swift in Sources */,
				8440854C237E9A2400A69324 /* LocationTableViewCell.swift in Sources */,
				84B6016E237E52D6004C99DF /* UIViewController+Extension.swift in Sources */,
				84408551237EA8A000A69324 /* EIdentifierSegue.swift in Sources */,
				844B1118237D6BC0007758E9 /* GoogleMapViewModel.swift in Sources */,
			);
			runOnlyForDeploymentPostprocessing = 0;
		};
		844B10E7237D6153007758E9 /* Sources */ = {
			isa = PBXSourcesBuildPhase;
			buildActionMask = 2147483647;
			files = (
				844B10F0237D6153007758E9 /* GapoiOSChallengeTests.swift in Sources */,
			);
			runOnlyForDeploymentPostprocessing = 0;
		};
		844B10F2237D6153007758E9 /* Sources */ = {
			isa = PBXSourcesBuildPhase;
			buildActionMask = 2147483647;
			files = (
				844B10FB237D6153007758E9 /* GapoiOSChallengeUITests.swift in Sources */,
			);
			runOnlyForDeploymentPostprocessing = 0;
		};
/* End PBXSourcesBuildPhase section */

/* Begin PBXTargetDependency section */
		844B10ED237D6153007758E9 /* PBXTargetDependency */ = {
			isa = PBXTargetDependency;
			target = 844B10D4237D6150007758E9 /* GapoiOSChallenge */;
			targetProxy = 844B10EC237D6153007758E9 /* PBXContainerItemProxy */;
		};
		844B10F8237D6153007758E9 /* PBXTargetDependency */ = {
			isa = PBXTargetDependency;
			target = 844B10D4237D6150007758E9 /* GapoiOSChallenge */;
			targetProxy = 844B10F7237D6153007758E9 /* PBXContainerItemProxy */;
		};
/* End PBXTargetDependency section */

/* Begin PBXVariantGroup section */
		844B10DE237D6150007758E9 /* Main.storyboard */ = {
			isa = PBXVariantGroup;
			children = (
				844B10DF237D6150007758E9 /* Base */,
			);
			name = Main.storyboard;
			sourceTree = "<group>";
		};
		844B10E3237D6153007758E9 /* LaunchScreen.storyboard */ = {
			isa = PBXVariantGroup;
			children = (
				844B10E4237D6153007758E9 /* Base */,
			);
			name = LaunchScreen.storyboard;
			sourceTree = "<group>";
		};
/* End PBXVariantGroup section */

/* Begin XCBuildConfiguration section */
		844B10FD237D6153007758E9 /* Debug */ = {
			isa = XCBuildConfiguration;
			buildSettings = {
				ALWAYS_SEARCH_USER_PATHS = NO;
				CLANG_ANALYZER_NONNULL = YES;
				CLANG_ANALYZER_NUMBER_OBJECT_CONVERSION = YES_AGGRESSIVE;
				CLANG_CXX_LANGUAGE_STANDARD = "gnu++14";
				CLANG_CXX_LIBRARY = "libc++";
				CLANG_ENABLE_MODULES = YES;
				CLANG_ENABLE_OBJC_ARC = YES;
				CLANG_ENABLE_OBJC_WEAK = YES;
				CLANG_WARN_BLOCK_CAPTURE_AUTORELEASING = YES;
				CLANG_WARN_BOOL_CONVERSION = YES;
				CLANG_WARN_COMMA = YES;
				CLANG_WARN_CONSTANT_CONVERSION = YES;
				CLANG_WARN_DEPRECATED_OBJC_IMPLEMENTATIONS = YES;
				CLANG_WARN_DIRECT_OBJC_ISA_USAGE = YES_ERROR;
				CLANG_WARN_DOCUMENTATION_COMMENTS = YES;
				CLANG_WARN_EMPTY_BODY = YES;
				CLANG_WARN_ENUM_CONVERSION = YES;
				CLANG_WARN_INFINITE_RECURSION = YES;
				CLANG_WARN_INT_CONVERSION = YES;
				CLANG_WARN_NON_LITERAL_NULL_CONVERSION = YES;
				CLANG_WARN_OBJC_IMPLICIT_RETAIN_SELF = YES;
				CLANG_WARN_OBJC_LITERAL_CONVERSION = YES;
				CLANG_WARN_OBJC_ROOT_CLASS = YES_ERROR;
				CLANG_WARN_RANGE_LOOP_ANALYSIS = YES;
				CLANG_WARN_STRICT_PROTOTYPES = YES;
				CLANG_WARN_SUSPICIOUS_MOVE = YES;
				CLANG_WARN_UNGUARDED_AVAILABILITY = YES_AGGRESSIVE;
				CLANG_WARN_UNREACHABLE_CODE = YES;
				CLANG_WARN__DUPLICATE_METHOD_MATCH = YES;
				COPY_PHASE_STRIP = NO;
				DEBUG_INFORMATION_FORMAT = dwarf;
				ENABLE_STRICT_OBJC_MSGSEND = YES;
				ENABLE_TESTABILITY = YES;
				GCC_C_LANGUAGE_STANDARD = gnu11;
				GCC_DYNAMIC_NO_PIC = NO;
				GCC_NO_COMMON_BLOCKS = YES;
				GCC_OPTIMIZATION_LEVEL = 0;
				GCC_PREPROCESSOR_DEFINITIONS = (
					"DEBUG=1",
					"$(inherited)",
				);
				GCC_WARN_64_TO_32_BIT_CONVERSION = YES;
				GCC_WARN_ABOUT_RETURN_TYPE = YES_ERROR;
				GCC_WARN_UNDECLARED_SELECTOR = YES;
				GCC_WARN_UNINITIALIZED_AUTOS = YES_AGGRESSIVE;
				GCC_WARN_UNUSED_FUNCTION = YES;
				GCC_WARN_UNUSED_VARIABLE = YES;
				IPHONEOS_DEPLOYMENT_TARGET = 13.2;
				MTL_ENABLE_DEBUG_INFO = INCLUDE_SOURCE;
				MTL_FAST_MATH = YES;
				ONLY_ACTIVE_ARCH = YES;
				SDKROOT = iphoneos;
				SWIFT_ACTIVE_COMPILATION_CONDITIONS = DEBUG;
				SWIFT_OPTIMIZATION_LEVEL = "-Onone";
			};
			name = Debug;
		};
		844B10FE237D6153007758E9 /* Release */ = {
			isa = XCBuildConfiguration;
			buildSettings = {
				ALWAYS_SEARCH_USER_PATHS = NO;
				CLANG_ANALYZER_NONNULL = YES;
				CLANG_ANALYZER_NUMBER_OBJECT_CONVERSION = YES_AGGRESSIVE;
				CLANG_CXX_LANGUAGE_STANDARD = "gnu++14";
				CLANG_CXX_LIBRARY = "libc++";
				CLANG_ENABLE_MODULES = YES;
				CLANG_ENABLE_OBJC_ARC = YES;
				CLANG_ENABLE_OBJC_WEAK = YES;
				CLANG_WARN_BLOCK_CAPTURE_AUTORELEASING = YES;
				CLANG_WARN_BOOL_CONVERSION = YES;
				CLANG_WARN_COMMA = YES;
				CLANG_WARN_CONSTANT_CONVERSION = YES;
				CLANG_WARN_DEPRECATED_OBJC_IMPLEMENTATIONS = YES;
				CLANG_WARN_DIRECT_OBJC_ISA_USAGE = YES_ERROR;
				CLANG_WARN_DOCUMENTATION_COMMENTS = YES;
				CLANG_WARN_EMPTY_BODY = YES;
				CLANG_WARN_ENUM_CONVERSION = YES;
				CLANG_WARN_INFINITE_RECURSION = YES;
				CLANG_WARN_INT_CONVERSION = YES;
				CLANG_WARN_NON_LITERAL_NULL_CONVERSION = YES;
				CLANG_WARN_OBJC_IMPLICIT_RETAIN_SELF = YES;
				CLANG_WARN_OBJC_LITERAL_CONVERSION = YES;
				CLANG_WARN_OBJC_ROOT_CLASS = YES_ERROR;
				CLANG_WARN_RANGE_LOOP_ANALYSIS = YES;
				CLANG_WARN_STRICT_PROTOTYPES = YES;
				CLANG_WARN_SUSPICIOUS_MOVE = YES;
				CLANG_WARN_UNGUARDED_AVAILABILITY = YES_AGGRESSIVE;
				CLANG_WARN_UNREACHABLE_CODE = YES;
				CLANG_WARN__DUPLICATE_METHOD_MATCH = YES;
				COPY_PHASE_STRIP = NO;
				DEBUG_INFORMATION_FORMAT = "dwarf-with-dsym";
				ENABLE_NS_ASSERTIONS = NO;
				ENABLE_STRICT_OBJC_MSGSEND = YES;
				GCC_C_LANGUAGE_STANDARD = gnu11;
				GCC_NO_COMMON_BLOCKS = YES;
				GCC_WARN_64_TO_32_BIT_CONVERSION = YES;
				GCC_WARN_ABOUT_RETURN_TYPE = YES_ERROR;
				GCC_WARN_UNDECLARED_SELECTOR = YES;
				GCC_WARN_UNINITIALIZED_AUTOS = YES_AGGRESSIVE;
				GCC_WARN_UNUSED_FUNCTION = YES;
				GCC_WARN_UNUSED_VARIABLE = YES;
				IPHONEOS_DEPLOYMENT_TARGET = 13.2;
				MTL_ENABLE_DEBUG_INFO = NO;
				MTL_FAST_MATH = YES;
				SDKROOT = iphoneos;
				SWIFT_COMPILATION_MODE = wholemodule;
				SWIFT_OPTIMIZATION_LEVEL = "-O";
				VALIDATE_PRODUCT = YES;
			};
			name = Release;
		};
		844B1100237D6153007758E9 /* Debug */ = {
			isa = XCBuildConfiguration;
			baseConfigurationReference = 1864AE240BF40C3EC40DBA9C /* Pods-GapoiOSChallenge.debug.xcconfig */;
			buildSettings = {
				ASSETCATALOG_COMPILER_APPICON_NAME = AppIcon;
				CODE_SIGN_ENTITLEMENTS = GapoiOSChallenge/GapoiOSChallenge.entitlements;
				CODE_SIGN_STYLE = Automatic;
				DEVELOPMENT_TEAM = JGXXBSPSUH;
				INFOPLIST_FILE = "$(SRCROOT)/GapoiOSChallenge/App/Launch/Info.plist";
				LD_RUNPATH_SEARCH_PATHS = (
					"$(inherited)",
					"@executable_path/Frameworks",
				);
				PRODUCT_BUNDLE_IDENTIFIER = info.baveku.GapoiOSChallenge;
				PRODUCT_NAME = "$(TARGET_NAME)";
				SWIFT_VERSION = 5.0;
				TARGETED_DEVICE_FAMILY = "1,2";
			};
			name = Debug;
		};
		844B1101237D6153007758E9 /* Release */ = {
			isa = XCBuildConfiguration;
			baseConfigurationReference = 8750461646DFB9E8801B41E2 /* Pods-GapoiOSChallenge.release.xcconfig */;
			buildSettings = {
				ASSETCATALOG_COMPILER_APPICON_NAME = AppIcon;
				CODE_SIGN_ENTITLEMENTS = GapoiOSChallenge/GapoiOSChallenge.entitlements;
				CODE_SIGN_STYLE = Automatic;
				DEVELOPMENT_TEAM = JGXXBSPSUH;
				INFOPLIST_FILE = "$(SRCROOT)/GapoiOSChallenge/App/Launch/Info.plist";
				LD_RUNPATH_SEARCH_PATHS = (
					"$(inherited)",
					"@executable_path/Frameworks",
				);
				PRODUCT_BUNDLE_IDENTIFIER = info.baveku.GapoiOSChallenge;
				PRODUCT_NAME = "$(TARGET_NAME)";
				SWIFT_VERSION = 5.0;
				TARGETED_DEVICE_FAMILY = "1,2";
			};
			name = Release;
		};
		844B1103237D6153007758E9 /* Debug */ = {
			isa = XCBuildConfiguration;
			baseConfigurationReference = D2109B6353AAA690553317A3 /* Pods-GapoiOSChallengeTests.debug.xcconfig */;
			buildSettings = {
				ALWAYS_EMBED_SWIFT_STANDARD_LIBRARIES = YES;
				BUNDLE_LOADER = "$(TEST_HOST)";
				CODE_SIGN_STYLE = Automatic;
				DEVELOPMENT_TEAM = JGXXBSPSUH;
				INFOPLIST_FILE = GapoiOSChallengeTests/Info.plist;
				IPHONEOS_DEPLOYMENT_TARGET = 13.2;
				LD_RUNPATH_SEARCH_PATHS = (
					"$(inherited)",
					"@executable_path/Frameworks",
					"@loader_path/Frameworks",
				);
				PRODUCT_BUNDLE_IDENTIFIER = info.baveku.GapoiOSChallengeTests;
				PRODUCT_NAME = "$(TARGET_NAME)";
				SWIFT_VERSION = 5.0;
				TARGETED_DEVICE_FAMILY = "1,2";
				TEST_HOST = "$(BUILT_PRODUCTS_DIR)/GapoiOSChallenge.app/GapoiOSChallenge";
			};
			name = Debug;
		};
		844B1104237D6153007758E9 /* Release */ = {
			isa = XCBuildConfiguration;
			baseConfigurationReference = DD72B7670CE004B6876CD7C8 /* Pods-GapoiOSChallengeTests.release.xcconfig */;
			buildSettings = {
				ALWAYS_EMBED_SWIFT_STANDARD_LIBRARIES = YES;
				BUNDLE_LOADER = "$(TEST_HOST)";
				CODE_SIGN_STYLE = Automatic;
				DEVELOPMENT_TEAM = JGXXBSPSUH;
				INFOPLIST_FILE = GapoiOSChallengeTests/Info.plist;
				IPHONEOS_DEPLOYMENT_TARGET = 13.2;
				LD_RUNPATH_SEARCH_PATHS = (
					"$(inherited)",
					"@executable_path/Frameworks",
					"@loader_path/Frameworks",
				);
				PRODUCT_BUNDLE_IDENTIFIER = info.baveku.GapoiOSChallengeTests;
				PRODUCT_NAME = "$(TARGET_NAME)";
				SWIFT_VERSION = 5.0;
				TARGETED_DEVICE_FAMILY = "1,2";
				TEST_HOST = "$(BUILT_PRODUCTS_DIR)/GapoiOSChallenge.app/GapoiOSChallenge";
			};
			name = Release;
		};
		844B1106237D6153007758E9 /* Debug */ = {
			isa = XCBuildConfiguration;
			baseConfigurationReference = 6F89699948A58955C21BA931 /* Pods-GapoiOSChallengeUITests.debug.xcconfig */;
			buildSettings = {
				ALWAYS_EMBED_SWIFT_STANDARD_LIBRARIES = YES;
				CODE_SIGN_STYLE = Automatic;
				DEVELOPMENT_TEAM = JGXXBSPSUH;
				INFOPLIST_FILE = GapoiOSChallengeUITests/Info.plist;
				LD_RUNPATH_SEARCH_PATHS = (
					"$(inherited)",
					"@executable_path/Frameworks",
					"@loader_path/Frameworks",
				);
				PRODUCT_BUNDLE_IDENTIFIER = info.baveku.GapoiOSChallengeUITests;
				PRODUCT_NAME = "$(TARGET_NAME)";
				SWIFT_VERSION = 5.0;
				TARGETED_DEVICE_FAMILY = "1,2";
				TEST_TARGET_NAME = GapoiOSChallenge;
			};
			name = Debug;
		};
		844B1107237D6153007758E9 /* Release */ = {
			isa = XCBuildConfiguration;
			baseConfigurationReference = EFB87A45C32363B46D63AA7B /* Pods-GapoiOSChallengeUITests.release.xcconfig */;
			buildSettings = {
				ALWAYS_EMBED_SWIFT_STANDARD_LIBRARIES = YES;
				CODE_SIGN_STYLE = Automatic;
				DEVELOPMENT_TEAM = JGXXBSPSUH;
				INFOPLIST_FILE = GapoiOSChallengeUITests/Info.plist;
				LD_RUNPATH_SEARCH_PATHS = (
					"$(inherited)",
					"@executable_path/Frameworks",
					"@loader_path/Frameworks",
				);
				PRODUCT_BUNDLE_IDENTIFIER = info.baveku.GapoiOSChallengeUITests;
				PRODUCT_NAME = "$(TARGET_NAME)";
				SWIFT_VERSION = 5.0;
				TARGETED_DEVICE_FAMILY = "1,2";
				TEST_TARGET_NAME = GapoiOSChallenge;
			};
			name = Release;
		};
/* End XCBuildConfiguration section */

/* Begin XCConfigurationList section */
		844B10D0237D6150007758E9 /* Build configuration list for PBXProject "GapoiOSChallenge" */ = {
			isa = XCConfigurationList;
			buildConfigurations = (
				844B10FD237D6153007758E9 /* Debug */,
				844B10FE237D6153007758E9 /* Release */,
			);
			defaultConfigurationIsVisible = 0;
			defaultConfigurationName = Release;
		};
		844B10FF237D6153007758E9 /* Build configuration list for PBXNativeTarget "GapoiOSChallenge" */ = {
			isa = XCConfigurationList;
			buildConfigurations = (
				844B1100237D6153007758E9 /* Debug */,
				844B1101237D6153007758E9 /* Release */,
			);
			defaultConfigurationIsVisible = 0;
			defaultConfigurationName = Release;
		};
		844B1102237D6153007758E9 /* Build configuration list for PBXNativeTarget "GapoiOSChallengeTests" */ = {
			isa = XCConfigurationList;
			buildConfigurations = (
				844B1103237D6153007758E9 /* Debug */,
				844B1104237D6153007758E9 /* Release */,
			);
			defaultConfigurationIsVisible = 0;
			defaultConfigurationName = Release;
		};
		844B1105237D6153007758E9 /* Build configuration list for PBXNativeTarget "GapoiOSChallengeUITests" */ = {
			isa = XCConfigurationList;
			buildConfigurations = (
				844B1106237D6153007758E9 /* Debug */,
				844B1107237D6153007758E9 /* Release */,
			);
			defaultConfigurationIsVisible = 0;
			defaultConfigurationName = Release;
		};
/* End XCConfigurationList section */
	};
	rootObject = 844B10CD237D6150007758E9 /* Project object */;
}
